
Microsoft Visual Studio Solution File, Format Version 12.00
Project("{FAE04EC0-301F-11D3-BF4B-00C04F79EFBC}") = "Lab0", "Lab0\Lab0.csproj", "{0BC6295A-3A0E-40A1-A21C-DFF23B1DD803}"
EndProject
Project("{FAE04EC0-301F-11D3-BF4B-00C04F79EFBC}") = "Lab1", "Lab1\Lab1.csproj", "{088A4B49-4AA5-419C-A383-4DAF0B4887C1}"
EndProject
Project("{FAE04EC0-301F-11D3-BF4B-00C04F79EFBC}") = "Lab3", "Lab3\Lab3.csproj", "{55F9A530-0B1A-438F-9C1A-218216A083F4}"
EndProject
Project("{FAE04EC0-301F-11D3-BF4B-00C04F79EFBC}") = "Lab8", "Lab8\Lab8.csproj", "{FE1F3801-9DF1-434F-A683-C5D700D65CD2}"
EndProject
Project("{FAE04EC0-301F-11D3-BF4B-00C04F79EFBC}") = "Lab8.Tests", "Lab8.Tests\Lab8.Tests.csproj", "{D2C0A678-5E00-447D-AD95-5194D645B16B}"
EndProject
Project("{FAE04EC0-301F-11D3-BF4B-00C04F79EFBC}") = "Lab7", "Lab7\Lab7.csproj", "{D570D629-999C-40CD-AA0D-84E866612B82}"
EndProject
Project("{FAE04EC0-301F-11D3-BF4B-00C04F79EFBC}") = "CsUnit.Console", "CsUnit.Console\CsUnit.Console.csproj", "{D5F713B2-17E5-44CF-9857-827903DEEE98}"
EndProject
Project("{FAE04EC0-301F-11D3-BF4B-00C04F79EFBC}") = "CsUnit", "CsUnit\CsUnit.csproj", "{644B407A-5FF2-4C8B-B5B0-8B962515AC63}"
EndProject
Project("{FAE04EC0-301F-11D3-BF4B-00C04F79EFBC}") = "Lab5", "Lab5\Lab5.csproj", "{7F609D4E-616B-4003-8E64-CE96E8EC02A0}"
EndProject
Project("{FAE04EC0-301F-11D3-BF4B-00C04F79EFBC}") = "Lab5.Tests", "Lab5.Tests\Lab5.Tests.csproj", "{09420A14-83C0-4F68-BCA2-F9067D1BF1CE}"
EndProject
Global
	GlobalSection(SolutionConfigurationPlatforms) = preSolution
		Debug|Any CPU = Debug|Any CPU
		Release|Any CPU = Release|Any CPU
	EndGlobalSection
	GlobalSection(ProjectConfigurationPlatforms) = postSolution
		{0BC6295A-3A0E-40A1-A21C-DFF23B1DD803}.Debug|Any CPU.ActiveCfg = Debug|Any CPU
		{0BC6295A-3A0E-40A1-A21C-DFF23B1DD803}.Debug|Any CPU.Build.0 = Debug|Any CPU
		{0BC6295A-3A0E-40A1-A21C-DFF23B1DD803}.Release|Any CPU.ActiveCfg = Release|Any CPU
		{0BC6295A-3A0E-40A1-A21C-DFF23B1DD803}.Release|Any CPU.Build.0 = Release|Any CPU
		{088A4B49-4AA5-419C-A383-4DAF0B4887C1}.Debug|Any CPU.ActiveCfg = Debug|Any CPU
		{088A4B49-4AA5-419C-A383-4DAF0B4887C1}.Debug|Any CPU.Build.0 = Debug|Any CPU
		{088A4B49-4AA5-419C-A383-4DAF0B4887C1}.Release|Any CPU.ActiveCfg = Release|Any CPU
		{088A4B49-4AA5-419C-A383-4DAF0B4887C1}.Release|Any CPU.Build.0 = Release|Any CPU
		{55F9A530-0B1A-438F-9C1A-218216A083F4}.Debug|Any CPU.ActiveCfg = Debug|Any CPU
		{55F9A530-0B1A-438F-9C1A-218216A083F4}.Debug|Any CPU.Build.0 = Debug|Any CPU
		{55F9A530-0B1A-438F-9C1A-218216A083F4}.Release|Any CPU.ActiveCfg = Release|Any CPU
		{55F9A530-0B1A-438F-9C1A-218216A083F4}.Release|Any CPU.Build.0 = Release|Any CPU
		{FE1F3801-9DF1-434F-A683-C5D700D65CD2}.Debug|Any CPU.ActiveCfg = Debug|Any CPU
		{FE1F3801-9DF1-434F-A683-C5D700D65CD2}.Debug|Any CPU.Build.0 = Debug|Any CPU
		{FE1F3801-9DF1-434F-A683-C5D700D65CD2}.Release|Any CPU.ActiveCfg = Release|Any CPU
		{FE1F3801-9DF1-434F-A683-C5D700D65CD2}.Release|Any CPU.Build.0 = Release|Any CPU
		{D2C0A678-5E00-447D-AD95-5194D645B16B}.Debug|Any CPU.ActiveCfg = Debug|Any CPU
		{D2C0A678-5E00-447D-AD95-5194D645B16B}.Debug|Any CPU.Build.0 = Debug|Any CPU
		{D2C0A678-5E00-447D-AD95-5194D645B16B}.Release|Any CPU.ActiveCfg = Release|Any CPU
		{D2C0A678-5E00-447D-AD95-5194D645B16B}.Release|Any CPU.Build.0 = Release|Any CPU
		{D570D629-999C-40CD-AA0D-84E866612B82}.Debug|Any CPU.ActiveCfg = Debug|Any CPU
		{D570D629-999C-40CD-AA0D-84E866612B82}.Debug|Any CPU.Build.0 = Debug|Any CPU
		{D570D629-999C-40CD-AA0D-84E866612B82}.Release|Any CPU.ActiveCfg = Release|Any CPU
		{D570D629-999C-40CD-AA0D-84E866612B82}.Release|Any CPU.Build.0 = Release|Any CPU
		{D5F713B2-17E5-44CF-9857-827903DEEE98}.Debug|Any CPU.ActiveCfg = Debug|Any CPU
		{D5F713B2-17E5-44CF-9857-827903DEEE98}.Debug|Any CPU.Build.0 = Debug|Any CPU
		{D5F713B2-17E5-44CF-9857-827903DEEE98}.Release|Any CPU.ActiveCfg = Release|Any CPU
		{D5F713B2-17E5-44CF-9857-827903DEEE98}.Release|Any CPU.Build.0 = Release|Any CPU
		{644B407A-5FF2-4C8B-B5B0-8B962515AC63}.Debug|Any CPU.ActiveCfg = Debug|Any CPU
		{644B407A-5FF2-4C8B-B5B0-8B962515AC63}.Debug|Any CPU.Build.0 = Debug|Any CPU
		{644B407A-5FF2-4C8B-B5B0-8B962515AC63}.Release|Any CPU.ActiveCfg = Release|Any CPU
		{644B407A-5FF2-4C8B-B5B0-8B962515AC63}.Release|Any CPU.Build.0 = Release|Any CPU
		{7F609D4E-616B-4003-8E64-CE96E8EC02A0}.Debug|Any CPU.ActiveCfg = Debug|Any CPU
		{7F609D4E-616B-4003-8E64-CE96E8EC02A0}.Debug|Any CPU.Build.0 = Debug|Any CPU
		{7F609D4E-616B-4003-8E64-CE96E8EC02A0}.Release|Any CPU.ActiveCfg = Release|Any CPU
		{7F609D4E-616B-4003-8E64-CE96E8EC02A0}.Release|Any CPU.Build.0 = Release|Any CPU
		{09420A14-83C0-4F68-BCA2-F9067D1BF1CE}.Debug|Any CPU.ActiveCfg = Debug|Any CPU
		{09420A14-83C0-4F68-BCA2-F9067D1BF1CE}.Debug|Any CPU.Build.0 = Debug|Any CPU
		{09420A14-83C0-4F68-BCA2-F9067D1BF1CE}.Release|Any CPU.ActiveCfg = Release|Any CPU
		{09420A14-83C0-4F68-BCA2-F9067D1BF1CE}.Release|Any CPU.Build.0 = Release|Any CPU
	EndGlobalSection
EndGlobal
